<?xml version="1.0" encoding="utf-8"?>
<Project ToolsVersion="4.0" xmlns="http://schemas.microsoft.com/developer/msbuild/2003">
  <ItemGroup>
    <Filter Include="Source Files">
      <UniqueIdentifier>{4FC737F1-C7A5-4376-A066-2A32D752A2FF}</UniqueIdentifier>
      <Extensions>cpp;c;cc;cxx;def;odl;idl;hpj;bat;asm;asmx</Extensions>
    </Filter>
    <Filter Include="Source Files\Win32">
      <UniqueIdentifier>{361bd93c-fd49-4ae2-903c-11de685c5060}</UniqueIdentifier>
    </Filter>
    <Filter Include="Header Files">
      <UniqueIdentifier>{93995380-89BD-4b04-88EB-625FBE52EBFB}</UniqueIdentifier>
      <Extensions>h;hpp;hxx;hm;inl;inc;xsd</Extensions>
    </Filter>
    <Filter Include="Header Files\Win32">
      <UniqueIdentifier>{189a3406-6086-4d12-9141-1e0b951f7c6b}</UniqueIdentifier>
    </Filter>
    <Filter Include="Header Files\rapidxml">
      <UniqueIdentifier>{9a94bd4f-80e9-4fa5-88ed-1410ae5abf50}</UniqueIdentifier>
    </Filter>
  </ItemGroup>
  <ItemGroup>
    <ClCompile Include="src\TiAutoParamsSetter.cpp">
      <Filter>Source Files</Filter>
    </ClCompile>
    <ClCompile Include="src\TiBaseTerrain.cpp">
      <Filter>Source Files</Filter>
    </ClCompile>
    <ClCompile Include="src\TiBaseTerrainSection.cpp">
      <Filter>Source Files</Filter>
    </ClCompile>
    <ClCompile Include="src\TiCamera.cpp">
      <Filter>Source Files</Filter>
    </ClCompile>
    <ClCompile Include="src\TiChunkTerrain.cpp">
      <Filter>Source Files</Filter>
    </ClCompile>
    <ClCompile Include="src\TiChunkTerrainSection.cpp">
      <Filter>Source Files</Filter>
    </ClCompile>
    <ClCompile Include="src\TiColor.cpp">
      <Filter>Source Files</Filter>
    </ClCompile>
    <ClCompile Include="src\TICommonFileSystem.cpp">
      <Filter>Source Files</Filter>
    </ClCompile>
    <ClCompile Include="src\TiConfigFile.cpp">
      <Filter>Source Files</Filter>
    </ClCompile>
    <ClCompile Include="src\TiConsoleDebugger.cpp">
      <Filter>Source Files</Filter>
    </ClCompile>
    <ClCompile Include="src\TiDataStream.cpp">
      <Filter>Source Files</Filter>
    </ClCompile>
    <ClCompile Include="src\TiDataType.cpp">
      <Filter>Source Files</Filter>
    </ClCompile>
    <ClCompile Include="src\TiDynLib.cpp">
      <Filter>Source Files</Filter>
    </ClCompile>
    <ClCompile Include="src\TiException.cpp">
      <Filter>Source Files</Filter>
    </ClCompile>
    <ClCompile Include="src\TiFileSystemMgr.cpp">
      <Filter>Source Files</Filter>
    </ClCompile>
    <ClCompile Include="src\TiFont.cpp">
      <Filter>Source Files</Filter>
    </ClCompile>
    <ClCompile Include="src\TiFontMgr.cpp">
      <Filter>Source Files</Filter>
    </ClCompile>
    <ClCompile Include="src\TiFrustum.cpp">
      <Filter>Source Files</Filter>
    </ClCompile>
    <ClCompile Include="src\TiGeoTerrain.cpp">
      <Filter>Source Files</Filter>
    </ClCompile>
    <ClCompile Include="src\TiGeoTerrainSection.cpp">
      <Filter>Source Files</Filter>
    </ClCompile>
    <ClCompile Include="src\TiHardwareBufferMgr.cpp">
      <Filter>Source Files</Filter>
    </ClCompile>
    <ClCompile Include="src\TiHelperMethods.cpp">
      <Filter>Source Files</Filter>
    </ClCompile>
    <ClCompile Include="src\TiImage.cpp">
      <Filter>Source Files</Filter>
    </ClCompile>
    <ClCompile Include="src\TiIndexBuffer.cpp">
      <Filter>Source Files</Filter>
    </ClCompile>
    <ClCompile Include="src\TiManualObject.cpp">
      <Filter>Source Files</Filter>
    </ClCompile>
    <ClCompile Include="src\TiMaterial.cpp">
      <Filter>Source Files</Filter>
    </ClCompile>
    <ClCompile Include="src\TiMaterialMgr.cpp">
      <Filter>Source Files</Filter>
    </ClCompile>
    <ClCompile Include="src\TiMath.cpp">
      <Filter>Source Files</Filter>
    </ClCompile>
    <ClCompile Include="src\TiMatrix3.cpp">
      <Filter>Source Files</Filter>
    </ClCompile>
    <ClCompile Include="src\TiMatrix4.cpp">
      <Filter>Source Files</Filter>
    </ClCompile>
    <ClCompile Include="src\TiMemoryNedAlloc.cpp">
      <Filter>Source Files</Filter>
    </ClCompile>
    <ClCompile Include="src\TiMemoryStdAlloc.cpp">
      <Filter>Source Files</Filter>
    </ClCompile>
    <ClCompile Include="src\TiMemoryTracker.cpp">
      <Filter>Source Files</Filter>
    </ClCompile>
    <ClCompile Include="src\TiMeshLord.cpp">
      <Filter>Source Files</Filter>
    </ClCompile>
    <ClCompile Include="src\TiOverlayElement.cpp">
      <Filter>Source Files</Filter>
    </ClCompile>
    <ClCompile Include="src\TiOverlayMgr.cpp">
      <Filter>Source Files</Filter>
    </ClCompile>
    <ClCompile Include="src\TiOverlayPanelElement.cpp">
      <Filter>Source Files</Filter>
    </ClCompile>
    <ClCompile Include="src\TiOverlayTextElement.cpp">
      <Filter>Source Files</Filter>
    </ClCompile>
    <ClCompile Include="src\TiPass.cpp">
      <Filter>Source Files</Filter>
    </ClCompile>
    <ClCompile Include="src\TiPerlinNoise.cpp">
      <Filter>Source Files</Filter>
    </ClCompile>
    <ClCompile Include="src\TiPixelFormat.cpp">
      <Filter>Source Files</Filter>
    </ClCompile>
    <ClCompile Include="src\TiPlane.cpp">
      <Filter>Source Files</Filter>
    </ClCompile>
    <ClCompile Include="src\TiQuadtree.cpp">
      <Filter>Source Files</Filter>
    </ClCompile>
    <ClCompile Include="src\TiQuadtreeNode.cpp">
      <Filter>Source Files</Filter>
    </ClCompile>
    <ClCompile Include="src\TiQuadtreeSceneMgr.cpp">
      <Filter>Source Files</Filter>
    </ClCompile>
    <ClCompile Include="src\TiQuaternion.cpp">
      <Filter>Source Files</Filter>
    </ClCompile>
    <ClCompile Include="src\TiReflector.cpp">
      <Filter>Source Files</Filter>
    </ClCompile>
    <ClCompile Include="src\TiRenderer.cpp">
      <Filter>Source Files</Filter>
    </ClCompile>
    <ClCompile Include="src\TiRenderQueue.cpp">
      <Filter>Source Files</Filter>
    </ClCompile>
    <ClCompile Include="src\TiRenderQueueGroup.cpp">
      <Filter>Source Files</Filter>
    </ClCompile>
    <ClCompile Include="src\TiRenderTarget.cpp">
      <Filter>Source Files</Filter>
    </ClCompile>
    <ClCompile Include="src\TiRenderWindow.cpp">
      <Filter>Source Files</Filter>
    </ClCompile>
    <ClCompile Include="src\TiResource.cpp">
      <Filter>Source Files</Filter>
    </ClCompile>
    <ClCompile Include="src\TiResourceGroupMgr.cpp">
      <Filter>Source Files</Filter>
    </ClCompile>
    <ClCompile Include="src\TiResourceMgr.cpp">
      <Filter>Source Files</Filter>
    </ClCompile>
    <ClCompile Include="src\TiRoot.cpp">
      <Filter>Source Files</Filter>
    </ClCompile>
    <ClCompile Include="src\TiSceneMgr.cpp">
      <Filter>Source Files</Filter>
    </ClCompile>
    <ClCompile Include="src\TiSceneMgrSelector.cpp">
      <Filter>Source Files</Filter>
    </ClCompile>
    <ClCompile Include="src\TiSceneNode.cpp">
      <Filter>Source Files</Filter>
    </ClCompile>
    <ClCompile Include="src\TiSceneObject.cpp">
      <Filter>Source Files</Filter>
    </ClCompile>
    <ClCompile Include="src\TiScriptCompiler.cpp">
      <Filter>Source Files</Filter>
    </ClCompile>
    <ClCompile Include="src\TiScriptCompilerMgr.cpp">
      <Filter>Source Files</Filter>
    </ClCompile>
    <ClCompile Include="src\TiScriptTranslator.cpp">
      <Filter>Source Files</Filter>
    </ClCompile>
    <ClCompile Include="src\TiScriptTranslatorMgr.cpp">
      <Filter>Source Files</Filter>
    </ClCompile>
    <ClCompile Include="src\TiShader.cpp">
      <Filter>Source Files</Filter>
    </ClCompile>
    <ClCompile Include="src\TiShaderMgr.cpp">
      <Filter>Source Files</Filter>
    </ClCompile>
    <ClCompile Include="src\TiShaderParams.cpp">
      <Filter>Source Files</Filter>
    </ClCompile>
    <ClCompile Include="src\TiShaderUnit.cpp">
      <Filter>Source Files</Filter>
    </ClCompile>
    <ClCompile Include="src\TiStringConverter.cpp">
      <Filter>Source Files</Filter>
    </ClCompile>
    <ClCompile Include="src\TiStringFuncs.cpp">
      <Filter>Source Files</Filter>
    </ClCompile>
    <ClCompile Include="src\TitanStableHeader.cpp">
      <Filter>Source Files</Filter>
    </ClCompile>
    <ClCompile Include="src\TiTexture.cpp">
      <Filter>Source Files</Filter>
    </ClCompile>
    <ClCompile Include="src\TiTextureMgr.cpp">
      <Filter>Source Files</Filter>
    </ClCompile>
    <ClCompile Include="src\TiTextureUnit.cpp">
      <Filter>Source Files</Filter>
    </ClCompile>
    <ClCompile Include="src\TiVector2.cpp">
      <Filter>Source Files</Filter>
    </ClCompile>
    <ClCompile Include="src\TiVector3.cpp">
      <Filter>Source Files</Filter>
    </ClCompile>
    <ClCompile Include="src\TiVector4.cpp">
      <Filter>Source Files</Filter>
    </ClCompile>
    <ClCompile Include="src\TiVertexBuffer.cpp">
      <Filter>Source Files</Filter>
    </ClCompile>
    <ClCompile Include="src\TiVertexIndexBufferData.cpp">
      <Filter>Source Files</Filter>
    </ClCompile>
    <ClCompile Include="src\TiViewport.cpp">
      <Filter>Source Files</Filter>
    </ClCompile>
    <ClCompile Include="src\Win32\Timer.cpp">
      <Filter>Source Files\Win32</Filter>
    </ClCompile>
  </ItemGroup>
  <ItemGroup>
    <ClInclude Include="include\asm_math.h">
      <Filter>Header Files</Filter>
    </ClInclude>
    <ClInclude Include="include\TiAny.h">
      <Filter>Header Files</Filter>
    </ClInclude>
    <ClInclude Include="include\TiAutoParamsSetter.h">
      <Filter>Header Files</Filter>
    </ClInclude>
    <ClInclude Include="include\TiBaseTerrain.h">
      <Filter>Header Files</Filter>
    </ClInclude>
    <ClInclude Include="include\TiBaseTerrainSection.h">
      <Filter>Header Files</Filter>
    </ClInclude>
    <ClInclude Include="include\TiBitOperation.h">
      <Filter>Header Files</Filter>
    </ClInclude>
    <ClInclude Include="include\TiCamera.h">
      <Filter>Header Files</Filter>
    </ClInclude>
    <ClInclude Include="include\TiChunkTerrain.h">
      <Filter>Header Files</Filter>
    </ClInclude>
    <ClInclude Include="include\TiChunkTerrainSection.h">
      <Filter>Header Files</Filter>
    </ClInclude>
    <ClInclude Include="include\TiColor.h">
      <Filter>Header Files</Filter>
    </ClInclude>
    <ClInclude Include="include\TiCommon.h">
      <Filter>Header Files</Filter>
    </ClInclude>
    <ClInclude Include="include\TiCommonFileSystem.h">
      <Filter>Header Files</Filter>
    </ClInclude>
    <ClInclude Include="include\TiConfigFile.h">
      <Filter>Header Files</Filter>
    </ClInclude>
    <ClInclude Include="include\TiConsoleDebugger.h">
      <Filter>Header Files</Filter>
    </ClInclude>
    <ClInclude Include="include\TiDataStream.h">
      <Filter>Header Files</Filter>
    </ClInclude>
    <ClInclude Include="include\TiDataType.h">
      <Filter>Header Files</Filter>
    </ClInclude>
    <ClInclude Include="include\TiDynLib.h">
      <Filter>Header Files</Filter>
    </ClInclude>
    <ClInclude Include="include\TiException.h">
      <Filter>Header Files</Filter>
    </ClInclude>
    <ClInclude Include="include\TiFileSystem.h">
      <Filter>Header Files</Filter>
    </ClInclude>
    <ClInclude Include="include\TiFileSystemMgr.h">
      <Filter>Header Files</Filter>
    </ClInclude>
    <ClInclude Include="include\TiFont.h">
      <Filter>Header Files</Filter>
    </ClInclude>
    <ClInclude Include="include\TiFontMgr.h">
      <Filter>Header Files</Filter>
    </ClInclude>
    <ClInclude Include="include\TiFrustum.h">
      <Filter>Header Files</Filter>
    </ClInclude>
    <ClInclude Include="include\TiGeoTerrain.h">
      <Filter>Header Files</Filter>
    </ClInclude>
    <ClInclude Include="include\TiGeoTerrainDefs.h">
      <Filter>Header Files</Filter>
    </ClInclude>
    <ClInclude Include="include\TiGeoTerrainSection.h">
      <Filter>Header Files</Filter>
    </ClInclude>
    <ClInclude Include="include\TiHardwareBuffer.h">
      <Filter>Header Files</Filter>
    </ClInclude>
    <ClInclude Include="include\TiHardwareBufferMgr.h">
      <Filter>Header Files</Filter>
    </ClInclude>
    <ClInclude Include="include\TiHelperMethods.h">
      <Filter>Header Files</Filter>
    </ClInclude>
    <ClInclude Include="include\TiImage.h">
      <Filter>Header Files</Filter>
    </ClInclude>
    <ClInclude Include="include\TiIndexBuffer.h">
      <Filter>Header Files</Filter>
    </ClInclude>
    <ClInclude Include="include\TiIteratorWrapper.h">
      <Filter>Header Files</Filter>
    </ClInclude>
    <ClInclude Include="include\TiManualObject.h">
      <Filter>Header Files</Filter>
    </ClInclude>
    <ClInclude Include="include\TiMaterial.h">
      <Filter>Header Files</Filter>
    </ClInclude>
    <ClInclude Include="include\TiMaterialMgr.h">
      <Filter>Header Files</Filter>
    </ClInclude>
    <ClInclude Include="include\TiMath.h">
      <Filter>Header Files</Filter>
    </ClInclude>
    <ClInclude Include="include\TiMatrix3.h">
      <Filter>Header Files</Filter>
    </ClInclude>
    <ClInclude Include="include\TiMatrix4.h">
      <Filter>Header Files</Filter>
    </ClInclude>
    <ClInclude Include="include\TiMemoryAllocatedObject.h">
      <Filter>Header Files</Filter>
    </ClInclude>
    <ClInclude Include="include\TiMemoryAllocatorConfig.h">
      <Filter>Header Files</Filter>
    </ClInclude>
    <ClInclude Include="include\TiMemoryNedAlloc.h">
      <Filter>Header Files</Filter>
    </ClInclude>
    <ClInclude Include="include\TiMemoryStdAlloc.h">
      <Filter>Header Files</Filter>
    </ClInclude>
    <ClInclude Include="include\TiMemorySTLAllocator.h">
      <Filter>Header Files</Filter>
    </ClInclude>
    <ClInclude Include="include\TiMemoryTracker.h">
      <Filter>Header Files</Filter>
    </ClInclude>
    <ClInclude Include="include\Timer.h">
      <Filter>Header Files</Filter>
    </ClInclude>
    <ClInclude Include="include\TiMeshLord.h">
      <Filter>Header Files</Filter>
    </ClInclude>
    <ClInclude Include="include\TiMeshLordFormat.h">
      <Filter>Header Files</Filter>
    </ClInclude>
    <ClInclude Include="include\TiOverlayElement.h">
      <Filter>Header Files</Filter>
    </ClInclude>
    <ClInclude Include="include\TiOverlayMgr.h">
      <Filter>Header Files</Filter>
    </ClInclude>
    <ClInclude Include="include\TiOverlayPanelElement.h">
      <Filter>Header Files</Filter>
    </ClInclude>
    <ClInclude Include="include\TiOverlayTextElement.h">
      <Filter>Header Files</Filter>
    </ClInclude>
    <ClInclude Include="include\TiPass.h">
      <Filter>Header Files</Filter>
    </ClInclude>
    <ClInclude Include="include\TiPerlinNoise.h">
      <Filter>Header Files</Filter>
    </ClInclude>
    <ClInclude Include="include\TiPixelFormat.h">
      <Filter>Header Files</Filter>
    </ClInclude>
    <ClInclude Include="include\TiPlane.h">
      <Filter>Header Files</Filter>
    </ClInclude>
    <ClInclude Include="include\TiPlaneBoundedVolume.h">
      <Filter>Header Files</Filter>
    </ClInclude>
    <ClInclude Include="include\TiPlugin.h">
      <Filter>Header Files</Filter>
    </ClInclude>
    <ClInclude Include="include\TiPrerequisites.h">
      <Filter>Header Files</Filter>
    </ClInclude>
    <ClInclude Include="include\TiQuadtree.h">
      <Filter>Header Files</Filter>
    </ClInclude>
    <ClInclude Include="include\TiQuadtreeNode.h">
      <Filter>Header Files</Filter>
    </ClInclude>
    <ClInclude Include="include\TiQuadtreeSceneMgr.h">
      <Filter>Header Files</Filter>
    </ClInclude>
    <ClInclude Include="include\TiQuaternion.h">
      <Filter>Header Files</Filter>
    </ClInclude>
    <ClInclude Include="include\TiRay.h">
      <Filter>Header Files</Filter>
    </ClInclude>
    <ClInclude Include="include\TiRect2D.h">
      <Filter>Header Files</Filter>
    </ClInclude>
    <ClInclude Include="include\TiReflector.h">
      <Filter>Header Files</Filter>
    </ClInclude>
    <ClInclude Include="include\TiRenderable.h">
      <Filter>Header Files</Filter>
    </ClInclude>
    <ClInclude Include="include\TiRenderData.h">
      <Filter>Header Files</Filter>
    </ClInclude>
    <ClInclude Include="include\TiRenderer.h">
      <Filter>Header Files</Filter>
    </ClInclude>
    <ClInclude Include="include\TiRenderQueue.h">
      <Filter>Header Files</Filter>
    </ClInclude>
    <ClInclude Include="include\TiRenderQueueGroup.h">
      <Filter>Header Files</Filter>
    </ClInclude>
    <ClInclude Include="include\TiRenderTarget.h">
      <Filter>Header Files</Filter>
    </ClInclude>
    <ClInclude Include="include\TiRenderWindow.h">
      <Filter>Header Files</Filter>
    </ClInclude>
    <ClInclude Include="include\TiResource.h">
      <Filter>Header Files</Filter>
    </ClInclude>
    <ClInclude Include="include\TiResourceGroupMgr.h">
      <Filter>Header Files</Filter>
    </ClInclude>
    <ClInclude Include="include\TiResourceMgr.h">
      <Filter>Header Files</Filter>
    </ClInclude>
    <ClInclude Include="include\TiRoot.h">
      <Filter>Header Files</Filter>
    </ClInclude>
    <ClInclude Include="include\TiSceneMgr.h">
      <Filter>Header Files</Filter>
    </ClInclude>
    <ClInclude Include="include\TiSceneMgrSelector.h">
      <Filter>Header Files</Filter>
    </ClInclude>
    <ClInclude Include="include\TiSceneNode.h">
      <Filter>Header Files</Filter>
    </ClInclude>
    <ClInclude Include="include\TiSceneObject.h">
      <Filter>Header Files</Filter>
    </ClInclude>
    <ClInclude Include="include\TiScriptCompiler.h">
      <Filter>Header Files</Filter>
    </ClInclude>
    <ClInclude Include="include\TiScriptCompilerMgr.h">
      <Filter>Header Files</Filter>
    </ClInclude>
    <ClInclude Include="include\TiScriptLoader.h">
      <Filter>Header Files</Filter>
    </ClInclude>
    <ClInclude Include="include\TiScriptTranslator.h">
      <Filter>Header Files</Filter>
    </ClInclude>
    <ClInclude Include="include\TiScriptTranslatorMgr.h">
      <Filter>Header Files</Filter>
    </ClInclude>
    <ClInclude Include="include\TiShader.h">
      <Filter>Header Files</Filter>
    </ClInclude>
    <ClInclude Include="include\TiShaderMgr.h">
      <Filter>Header Files</Filter>
    </ClInclude>
    <ClInclude Include="include\TiShaderParams.h">
      <Filter>Header Files</Filter>
    </ClInclude>
    <ClInclude Include="include\TiShaderUnit.h">
      <Filter>Header Files</Filter>
    </ClInclude>
    <ClInclude Include="include\TiSharedPtr.h">
      <Filter>Header Files</Filter>
    </ClInclude>
    <ClInclude Include="include\TiSingleton.h">
      <Filter>Header Files</Filter>
    </ClInclude>
    <ClInclude Include="include\TiStlHeader.h">
      <Filter>Header Files</Filter>
    </ClInclude>
    <ClInclude Include="include\TiStringConverter.h">
      <Filter>Header Files</Filter>
    </ClInclude>
    <ClInclude Include="include\TiStringFuncs.h">
      <Filter>Header Files</Filter>
    </ClInclude>
    <ClInclude Include="include\Titan.h">
      <Filter>Header Files</Filter>
    </ClInclude>
    <ClInclude Include="include\TitanAABB.h">
      <Filter>Header Files</Filter>
    </ClInclude>
    <ClInclude Include="include\TitanBitFlags.h">
      <Filter>Header Files</Filter>
    </ClInclude>
    <ClInclude Include="include\TitanBlendMode.h">
      <Filter>Header Files</Filter>
    </ClInclude>
    <ClInclude Include="include\TitanConfig.h">
      <Filter>Header Files</Filter>
    </ClInclude>
    <ClInclude Include="include\TitanHeaderPrefix.h">
      <Filter>Header Files</Filter>
    </ClInclude>
    <ClInclude Include="include\TitanHeaderSuffix.h">
      <Filter>Header Files</Filter>
    </ClInclude>
    <ClInclude Include="include\TitanNumericTools.h">
      <Filter>Header Files</Filter>
    </ClInclude>
    <ClInclude Include="include\TitanSphere.h">
      <Filter>Header Files</Filter>
    </ClInclude>
    <ClInclude Include="include\TitanStableHeader.h">
      <Filter>Header Files</Filter>
    </ClInclude>
    <ClInclude Include="include\TiTexture.h">
      <Filter>Header Files</Filter>
    </ClInclude>
    <ClInclude Include="include\TiTextureMgr.h">
      <Filter>Header Files</Filter>
    </ClInclude>
    <ClInclude Include="include\TiTextureUnit.h">
      <Filter>Header Files</Filter>
    </ClInclude>
    <ClInclude Include="include\TiVector2.h">
      <Filter>Header Files</Filter>
    </ClInclude>
    <ClInclude Include="include\TiVector3.h">
      <Filter>Header Files</Filter>
    </ClInclude>
    <ClInclude Include="include\TiVector4.h">
      <Filter>Header Files</Filter>
    </ClInclude>
    <ClInclude Include="include\TiVertexBuffer.h">
      <Filter>Header Files</Filter>
    </ClInclude>
    <ClInclude Include="include\TiVertexIndexBufferData.h">
      <Filter>Header Files</Filter>
    </ClInclude>
    <ClInclude Include="include\TiViewport.h">
      <Filter>Header Files</Filter>
    </ClInclude>
    <ClInclude Include="include\Win32\Win32TimerImp.h">
      <Filter>Header Files\Win32</Filter>
    </ClInclude>
    <ClInclude Include="include\rapidxml-1.13\rapidxml.hpp">
      <Filter>Header Files\rapidxml</Filter>
    </ClInclude>
    <ClInclude Include="include\rapidxml-1.13\rapidxml_iterators.hpp">
      <Filter>Header Files\rapidxml</Filter>
    </ClInclude>
    <ClInclude Include="include\rapidxml-1.13\rapidxml_print.hpp">
      <Filter>Header Files\rapidxml</Filter>
    </ClInclude>
    <ClInclude Include="include\rapidxml-1.13\rapidxml_utils.hpp">
      <Filter>Header Files\rapidxml</Filter>
    </ClInclude>
  </ItemGroup>
</Project>